// !$*UTF8*$!
{
	archiveVersion = 1;
	classes = {
	};
	objectVersion = 51;
	objects = {

/* Begin PBXBuildFile section */
		15216BCD0902B5B3223CDE55 /* Pods_BarCodeRS.framework in Frameworks */ = {isa = PBXBuildFile; fileRef = F41B642B04EB80366622D6F1 /* Pods_BarCodeRS.framework */; };
		E23DF6BC2258FB4B004F4D51 /* State.swift in Sources */ = {isa = PBXBuildFile; fileRef = E23DF6AC2258FB4B004F4D51 /* State.swift */; };
		E23DF6BD2258FB4B004F4D51 /* TorchMode.swift in Sources */ = {isa = PBXBuildFile; fileRef = E23DF6AD2258FB4B004F4D51 /* TorchMode.swift */; };
		E23DF6BE2258FB4B004F4D51 /* FocusViewType.swift in Sources */ = {isa = PBXBuildFile; fileRef = E23DF6AE2258FB4B004F4D51 /* FocusViewType.swift */; };
		E23DF6BF2258FB4B004F4D51 /* UIViewController+Extensions.swift in Sources */ = {isa = PBXBuildFile; fileRef = E23DF6B02258FB4B004F4D51 /* UIViewController+Extensions.swift */; };
		E23DF6C02258FB4B004F4D51 /* UIView+Extensions.swift in Sources */ = {isa = PBXBuildFile; fileRef = E23DF6B12258FB4B004F4D51 /* UIView+Extensions.swift */; };
		E23DF6C12258FB4B004F4D51 /* NSLayoutConstraint+Extensions.swift in Sources */ = {isa = PBXBuildFile; fileRef = E23DF6B22258FB4B004F4D51 /* NSLayoutConstraint+Extensions.swift */; };
		E23DF6C22258FB4B004F4D51 /* AVMetadataObject+Extensions.swift in Sources */ = {isa = PBXBuildFile; fileRef = E23DF6B32258FB4B004F4D51 /* AVMetadataObject+Extensions.swift */; };
		E23DF6C32258FB4B004F4D51 /* CameraViewController.swift in Sources */ = {isa = PBXBuildFile; fileRef = E23DF6B52258FB4B004F4D51 /* CameraViewController.swift */; };
		E23DF6C42258FB4B004F4D51 /* MessageViewController.swift in Sources */ = {isa = PBXBuildFile; fileRef = E23DF6B62258FB4B004F4D51 /* MessageViewController.swift */; };
		E23DF6C52258FB4B004F4D51 /* HeaderViewController.swift in Sources */ = {isa = PBXBuildFile; fileRef = E23DF6B72258FB4B004F4D51 /* HeaderViewController.swift */; };
		E23DF6C62258FB4B004F4D51 /* BarcodeScannerViewController.swift in Sources */ = {isa = PBXBuildFile; fileRef = E23DF6B82258FB4B004F4D51 /* BarcodeScannerViewController.swift */; };
		E23DF6C72258FB4B004F4D51 /* VideoPermissionService.swift in Sources */ = {isa = PBXBuildFile; fileRef = E23DF6BA2258FB4B004F4D51 /* VideoPermissionService.swift */; };
		E23DF6C82258FB4B004F4D51 /* Functions.swift in Sources */ = {isa = PBXBuildFile; fileRef = E23DF6BB2258FB4B004F4D51 /* Functions.swift */; };
		E2A764832256195B0011C46F /* AppDelegate.swift in Sources */ = {isa = PBXBuildFile; fileRef = E2A764822256195B0011C46F /* AppDelegate.swift */; };
		E2A7648A2256195C0011C46F /* Assets.xcassets in Resources */ = {isa = PBXBuildFile; fileRef = E2A764892256195C0011C46F /* Assets.xcassets */; };
		E2A7648D2256195C0011C46F /* LaunchScreen.storyboard in Resources */ = {isa = PBXBuildFile; fileRef = E2A7648B2256195C0011C46F /* LaunchScreen.storyboard */; };
		E2A76495225619B00011C46F /* MainScreen.swift in Sources */ = {isa = PBXBuildFile; fileRef = E2A76494225619B00011C46F /* MainScreen.swift */; };
/* End PBXBuildFile section */

/* Begin PBXFileReference section */
		84AA4A39A17D3F815A4477C3 /* Pods-BarCodeRS.debug.xcconfig */ = {isa = PBXFileReference; includeInIndex = 1; lastKnownFileType = text.xcconfig; name = "Pods-BarCodeRS.debug.xcconfig"; path = "Target Support Files/Pods-BarCodeRS/Pods-BarCodeRS.debug.xcconfig"; sourceTree = "<group>"; };
		BA58304DF2774F49BCA2B4EB /* Pods-BarCodeRS.release.xcconfig */ = {isa = PBXFileReference; includeInIndex = 1; lastKnownFileType = text.xcconfig; name = "Pods-BarCodeRS.release.xcconfig"; path = "Target Support Files/Pods-BarCodeRS/Pods-BarCodeRS.release.xcconfig"; sourceTree = "<group>"; };
		E23DF6AC2258FB4B004F4D51 /* State.swift */ = {isa = PBXFileReference; fileEncoding = 4; lastKnownFileType = sourcecode.swift; path = State.swift; sourceTree = "<group>"; };
		E23DF6AD2258FB4B004F4D51 /* TorchMode.swift */ = {isa = PBXFileReference; fileEncoding = 4; lastKnownFileType = sourcecode.swift; path = TorchMode.swift; sourceTree = "<group>"; };
		E23DF6AE2258FB4B004F4D51 /* FocusViewType.swift */ = {isa = PBXFileReference; fileEncoding = 4; lastKnownFileType = sourcecode.swift; path = FocusViewType.swift; sourceTree = "<group>"; };
		E23DF6B02258FB4B004F4D51 /* UIViewController+Extensions.swift */ = {isa = PBXFileReference; fileEncoding = 4; lastKnownFileType = sourcecode.swift; path = "UIViewController+Extensions.swift"; sourceTree = "<group>"; };
		E23DF6B12258FB4B004F4D51 /* UIView+Extensions.swift */ = {isa = PBXFileReference; fileEncoding = 4; lastKnownFileType = sourcecode.swift; path = "UIView+Extensions.swift"; sourceTree = "<group>"; };
		E23DF6B22258FB4B004F4D51 /* NSLayoutConstraint+Extensions.swift */ = {isa = PBXFileReference; fileEncoding = 4; lastKnownFileType = sourcecode.swift; path = "NSLayoutConstraint+Extensions.swift"; sourceTree = "<group>"; };
		E23DF6B32258FB4B004F4D51 /* AVMetadataObject+Extensions.swift */ = {isa = PBXFileReference; fileEncoding = 4; lastKnownFileType = sourcecode.swift; path = "AVMetadataObject+Extensions.swift"; sourceTree = "<group>"; };
		E23DF6B52258FB4B004F4D51 /* CameraViewController.swift */ = {isa = PBXFileReference; fileEncoding = 4; lastKnownFileType = sourcecode.swift; path = CameraViewController.swift; sourceTree = "<group>"; };
		E23DF6B62258FB4B004F4D51 /* MessageViewController.swift */ = {isa = PBXFileReference; fileEncoding = 4; lastKnownFileType = sourcecode.swift; path = MessageViewController.swift; sourceTree = "<group>"; };
		E23DF6B72258FB4B004F4D51 /* HeaderViewController.swift */ = {isa = PBXFileReference; fileEncoding = 4; lastKnownFileType = sourcecode.swift; path = HeaderViewController.swift; sourceTree = "<group>"; };
		E23DF6B82258FB4B004F4D51 /* BarcodeScannerViewController.swift */ = {isa = PBXFileReference; fileEncoding = 4; lastKnownFileType = sourcecode.swift; path = BarcodeScannerViewController.swift; sourceTree = "<group>"; };
		E23DF6BA2258FB4B004F4D51 /* VideoPermissionService.swift */ = {isa = PBXFileReference; fileEncoding = 4; lastKnownFileType = sourcecode.swift; path = VideoPermissionService.swift; sourceTree = "<group>"; };
		E23DF6BB2258FB4B004F4D51 /* Functions.swift */ = {isa = PBXFileReference; fileEncoding = 4; lastKnownFileType = sourcecode.swift; path = Functions.swift; sourceTree = "<group>"; };
		E257E028225646D3007B3C19 /* README.md */ = {isa = PBXFileReference; lastKnownFileType = net.daringfireball.markdown; path = README.md; sourceTree = "<group>"; };
		E2A7647F2256195B0011C46F /* BarCodeRS.app */ = {isa = PBXFileReference; explicitFileType = wrapper.application; includeInIndex = 0; path = BarCodeRS.app; sourceTree = BUILT_PRODUCTS_DIR; };
		E2A764822256195B0011C46F /* AppDelegate.swift */ = {isa = PBXFileReference; lastKnownFileType = sourcecode.swift; path = AppDelegate.swift; sourceTree = "<group>"; };
		E2A764892256195C0011C46F /* Assets.xcassets */ = {isa = PBXFileReference; lastKnownFileType = folder.assetcatalog; path = Assets.xcassets; sourceTree = "<group>"; };
		E2A7648C2256195C0011C46F /* Base */ = {isa = PBXFileReference; lastKnownFileType = file.storyboard; name = Base; path = Base.lproj/LaunchScreen.storyboard; sourceTree = "<group>"; };
		E2A7648E2256195C0011C46F /* Info.plist */ = {isa = PBXFileReference; lastKnownFileType = text.plist.xml; path = Info.plist; sourceTree = "<group>"; };
		E2A76494225619B00011C46F /* MainScreen.swift */ = {isa = PBXFileReference; lastKnownFileType = sourcecode.swift; path = MainScreen.swift; sourceTree = "<group>"; };
		F41B642B04EB80366622D6F1 /* Pods_BarCodeRS.framework */ = {isa = PBXFileReference; explicitFileType = wrapper.framework; includeInIndex = 0; path = Pods_BarCodeRS.framework; sourceTree = BUILT_PRODUCTS_DIR; };
/* End PBXFileReference section */

/* Begin PBXFrameworksBuildPhase section */
		E2A7647C2256195B0011C46F /* Frameworks */ = {
			isa = PBXFrameworksBuildPhase;
			buildActionMask = 2147483647;
			files = (
				15216BCD0902B5B3223CDE55 /* Pods_BarCodeRS.framework in Frameworks */,
			);
			runOnlyForDeploymentPostprocessing = 0;
		};
/* End PBXFrameworksBuildPhase section */

/* Begin PBXGroup section */
		2633D830F32A4A884196AFA8 /* Pods */ = {
			isa = PBXGroup;
			children = (
				84AA4A39A17D3F815A4477C3 /* Pods-BarCodeRS.debug.xcconfig */,
				BA58304DF2774F49BCA2B4EB /* Pods-BarCodeRS.release.xcconfig */,
			);
			path = Pods;
			sourceTree = "<group>";
		};
		2AD11152B4997E28DA23941F /* Frameworks */ = {
			isa = PBXGroup;
			children = (
				F41B642B04EB80366622D6F1 /* Pods_BarCodeRS.framework */,
			);
			name = Frameworks;
			sourceTree = "<group>";
		};
		E23DF6AA2258FB4B004F4D51 /* Barcode */ = {
			isa = PBXGroup;
			children = (
				E23DF6AB2258FB4B004F4D51 /* DataStructures */,
				E23DF6AF2258FB4B004F4D51 /* Extensions */,
				E23DF6B42258FB4B004F4D51 /* Controllers */,
				E23DF6B92258FB4B004F4D51 /* Helpers */,
			);
			path = Barcode;
			sourceTree = "<group>";
		};
		E23DF6AB2258FB4B004F4D51 /* DataStructures */ = {
			isa = PBXGroup;
			children = (
				E23DF6AC2258FB4B004F4D51 /* State.swift */,
				E23DF6AD2258FB4B004F4D51 /* TorchMode.swift */,
				E23DF6AE2258FB4B004F4D51 /* FocusViewType.swift */,
			);
			path = DataStructures;
			sourceTree = "<group>";
		};
		E23DF6AF2258FB4B004F4D51 /* Extensions */ = {
			isa = PBXGroup;
			children = (
				E23DF6B02258FB4B004F4D51 /* UIViewController+Extensions.swift */,
				E23DF6B12258FB4B004F4D51 /* UIView+Extensions.swift */,
				E23DF6B22258FB4B004F4D51 /* NSLayoutConstraint+Extensions.swift */,
				E23DF6B32258FB4B004F4D51 /* AVMetadataObject+Extensions.swift */,
			);
			path = Extensions;
			sourceTree = "<group>";
		};
		E23DF6B42258FB4B004F4D51 /* Controllers */ = {
			isa = PBXGroup;
			children = (
				E23DF6B52258FB4B004F4D51 /* CameraViewController.swift */,
				E23DF6B62258FB4B004F4D51 /* MessageViewController.swift */,
				E23DF6B72258FB4B004F4D51 /* HeaderViewController.swift */,
				E23DF6B82258FB4B004F4D51 /* BarcodeScannerViewController.swift */,
			);
			path = Controllers;
			sourceTree = "<group>";
		};
		E23DF6B92258FB4B004F4D51 /* Helpers */ = {
			isa = PBXGroup;
			children = (
				E23DF6BA2258FB4B004F4D51 /* VideoPermissionService.swift */,
				E23DF6BB2258FB4B004F4D51 /* Functions.swift */,
			);
			path = Helpers;
			sourceTree = "<group>";
		};
		E2A764762256195B0011C46F = {
			isa = PBXGroup;
			children = (
				E257E028225646D3007B3C19 /* README.md */,
				E2A764812256195B0011C46F /* BarCodeRS */,
				E2A764802256195B0011C46F /* Products */,
				2633D830F32A4A884196AFA8 /* Pods */,
				2AD11152B4997E28DA23941F /* Frameworks */,
			);
			sourceTree = "<group>";
		};
		E2A764802256195B0011C46F /* Products */ = {
			isa = PBXGroup;
			children = (
				E2A7647F2256195B0011C46F /* BarCodeRS.app */,
			);
			name = Products;
			sourceTree = "<group>";
		};
		E2A764812256195B0011C46F /* BarCodeRS */ = {
			isa = PBXGroup;
			children = (
				E23DF6AA2258FB4B004F4D51 /* Barcode */,
				E2A764822256195B0011C46F /* AppDelegate.swift */,
				E2A76494225619B00011C46F /* MainScreen.swift */,
				E2A764892256195C0011C46F /* Assets.xcassets */,
				E2A7648B2256195C0011C46F /* LaunchScreen.storyboard */,
				E2A7648E2256195C0011C46F /* Info.plist */,
			);
			path = BarCodeRS;
			sourceTree = "<group>";
		};
/* End PBXGroup section */

/* Begin PBXNativeTarget section */
		E2A7647E2256195B0011C46F /* BarCodeRS */ = {
			isa = PBXNativeTarget;
			buildConfigurationList = E2A764912256195D0011C46F /* Build configuration list for PBXNativeTarget "BarCodeRS" */;
			buildPhases = (
				323D6A2FBCCD2662DB87A43D /* [CP] Check Pods Manifest.lock */,
				E2A7647B2256195B0011C46F /* Sources */,
				E2A7647C2256195B0011C46F /* Frameworks */,
				E2A7647D2256195B0011C46F /* Resources */,
				D690FE79B18AA91BBF098E82 /* [CP] Embed Pods Frameworks */,
			);
			buildRules = (
			);
			dependencies = (
			);
			name = BarCodeRS;
			productName = BarCodeRS;
			productReference = E2A7647F2256195B0011C46F /* BarCodeRS.app */;
			productType = "com.apple.product-type.application";
		};
/* End PBXNativeTarget section */

/* Begin PBXProject section */
		E2A764772256195B0011C46F /* Project object */ = {
			isa = PBXProject;
			attributes = {
				LastSwiftUpdateCheck = 1010;
				LastUpgradeCheck = 1010;
				ORGANIZATIONNAME = Techmaster;
				TargetAttributes = {
					E2A7647E2256195B0011C46F = {
						CreatedOnToolsVersion = 10.1;
					};
				};
			};
			buildConfigurationList = E2A7647A2256195B0011C46F /* Build configuration list for PBXProject "BarCodeRS" */;
			compatibilityVersion = "Xcode 9.3";
			developmentRegion = en;
			hasScannedForEncodings = 0;
			knownRegions = (
				en,
				Base,
			);
			mainGroup = E2A764762256195B0011C46F;
			productRefGroup = E2A764802256195B0011C46F /* Products */;
			projectDirPath = "";
			projectRoot = "";
			targets = (
				E2A7647E2256195B0011C46F /* BarCodeRS */,
			);
		};
/* End PBXProject section */

/* Begin PBXResourcesBuildPhase section */
		E2A7647D2256195B0011C46F /* Resources */ = {
			isa = PBXResourcesBuildPhase;
			buildActionMask = 2147483647;
			files = (
				E2A7648D2256195C0011C46F /* LaunchScreen.storyboard in Resources */,
				E2A7648A2256195C0011C46F /* Assets.xcassets in Resources */,
			);
			runOnlyForDeploymentPostprocessing = 0;
		};
/* End PBXResourcesBuildPhase section */

/* Begin PBXShellScriptBuildPhase section */
		323D6A2FBCCD2662DB87A43D /* [CP] Check Pods Manifest.lock */ = {
			isa = PBXShellScriptBuildPhase;
			buildActionMask = 2147483647;
			files = (
			);
			inputFileListPaths = (
			);
			inputPaths = (
				"${PODS_PODFILE_DIR_PATH}/Podfile.lock",
				"${PODS_ROOT}/Manifest.lock",
			);
			name = "[CP] Check Pods Manifest.lock";
			outputFileListPaths = (
			);
			outputPaths = (
				"$(DERIVED_FILE_DIR)/Pods-BarCodeRS-checkManifestLockResult.txt",
			);
			runOnlyForDeploymentPostprocessing = 0;
			shellPath = /bin/sh;
			shellScript = "diff \"${PODS_PODFILE_DIR_PATH}/Podfile.lock\" \"${PODS_ROOT}/Manifest.lock\" > /dev/null\nif [ $? != 0 ] ; then\n    # print error to STDERR\n    echo \"error: The sandbox is not in sync with the Podfile.lock. Run 'pod install' or update your CocoaPods installation.\" >&2\n    exit 1\nfi\n# This output is used by Xcode 'outputs' to avoid re-running this script phase.\necho \"SUCCESS\" > \"${SCRIPT_OUTPUT_FILE_0}\"\n";
			showEnvVarsInLog = 0;
		};
		D690FE79B18AA91BBF098E82 /* [CP] Embed Pods Frameworks */ = {
			isa = PBXShellScriptBuildPhase;
			buildActionMask = 2147483647;
			files = (
			);
			inputFileListPaths = (
				"${PODS_ROOT}/Target Support Files/Pods-BarCodeRS/Pods-BarCodeRS-frameworks-${CONFIGURATION}-input-files.xcfilelist",
			);
			name = "[CP] Embed Pods Frameworks";
			outputFileListPaths = (
				"${PODS_ROOT}/Target Support Files/Pods-BarCodeRS/Pods-BarCodeRS-frameworks-${CONFIGURATION}-output-files.xcfilelist",
			);
			runOnlyForDeploymentPostprocessing = 0;
			shellPath = /bin/sh;
			shellScript = "\"${PODS_ROOT}/Target Support Files/Pods-BarCodeRS/Pods-BarCodeRS-frameworks.sh\"\n";
			showEnvVarsInLog = 0;
		};
/* End PBXShellScriptBuildPhase section */

/* Begin PBXSourcesBuildPhase section */
		E2A7647B2256195B0011C46F /* Sources */ = {
			isa = PBXSourcesBuildPhase;
			buildActionMask = 2147483647;
			files = (
				E23DF6C02258FB4B004F4D51 /* UIView+Extensions.swift in Sources */,
				E23DF6C32258FB4B004F4D51 /* CameraViewController.swift in Sources */,
				E23DF6BE2258FB4B004F4D51 /* FocusViewType.swift in Sources */,
				E2A76495225619B00011C46F /* MainScreen.swift in Sources */,
				E2A764832256195B0011C46F /* AppDelegate.swift in Sources */,
				E23DF6C52258FB4B004F4D51 /* HeaderViewController.swift in Sources */,
				E23DF6BC2258FB4B004F4D51 /* State.swift in Sources */,
				E23DF6C12258FB4B004F4D51 /* NSLayoutConstraint+Extensions.swift in Sources */,
				E23DF6C82258FB4B004F4D51 /* Functions.swift in Sources */,
				E23DF6C42258FB4B004F4D51 /* MessageViewController.swift in Sources */,
				E23DF6C62258FB4B004F4D51 /* BarcodeScannerViewController.swift in Sources */,
				E23DF6C72258FB4B004F4D51 /* VideoPermissionService.swift in Sources */,
				E23DF6C22258FB4B004F4D51 /* AVMetadataObject+Extensions.swift in Sources */,
				E23DF6BF2258FB4B004F4D51 /* UIViewController+Extensions.swift in Sources */,
				E23DF6BD2258FB4B004F4D51 /* TorchMode.swift in Sources */,
			);
			runOnlyForDeploymentPostprocessing = 0;
		};
/* End PBXSourcesBuildPhase section */

/* Begin PBXVariantGroup section */
		E2A7648B2256195C0011C46F /* LaunchScreen.storyboard */ = {
			isa = PBXVariantGroup;
			children = (
				E2A7648C2256195C0011C46F /* Base */,
			);
			name = LaunchScreen.storyboard;
			sourceTree = "<group>";
		};
/* End PBXVariantGroup section */

/* Begin XCBuildConfiguration section */
		E2A7648F2256195D0011C46F /* Debug */ = {
			isa = XCBuildConfiguration;
			buildSettings = {
				ALWAYS_SEARCH_USER_PATHS = NO;
				CLANG_ANALYZER_NONNULL = YES;
				CLANG_ANALYZER_NUMBER_OBJECT_CONVERSION = YES_AGGRESSIVE;
				CLANG_CXX_LANGUAGE_STANDARD = "gnu++14";
				CLANG_CXX_LIBRARY = "libc++";
				CLANG_ENABLE_MODULES = YES;
				CLANG_ENABLE_OBJC_ARC = YES;
				CLANG_ENABLE_OBJC_WEAK = YES;
				CLANG_WARN_BLOCK_CAPTURE_AUTORELEASING = YES;
				CLANG_WARN_BOOL_CONVERSION = YES;
				CLANG_WARN_COMMA = YES;
				CLANG_WARN_CONSTANT_CONVERSION = YES;
				CLANG_WARN_DEPRECATED_OBJC_IMPLEMENTATIONS = YES;
				CLANG_WARN_DIRECT_OBJC_ISA_USAGE = YES_ERROR;
				CLANG_WARN_DOCUMENTATION_COMMENTS = YES;
				CLANG_WARN_EMPTY_BODY = YES;
				CLANG_WARN_ENUM_CONVERSION = YES;
				CLANG_WARN_INFINITE_RECURSION = YES;
				CLANG_WARN_INT_CONVERSION = YES;
				CLANG_WARN_NON_LITERAL_NULL_CONVERSION = YES;
				CLANG_WARN_OBJC_IMPLICIT_RETAIN_SELF = YES;
				CLANG_WARN_OBJC_LITERAL_CONVERSION = YES;
				CLANG_WARN_OBJC_ROOT_CLASS = YES_ERROR;
				CLANG_WARN_RANGE_LOOP_ANALYSIS = YES;
				CLANG_WARN_STRICT_PROTOTYPES = YES;
				CLANG_WARN_SUSPICIOUS_MOVE = YES;
				CLANG_WARN_UNGUARDED_AVAILABILITY = YES_AGGRESSIVE;
				CLANG_WARN_UNREACHABLE_CODE = YES;
				CLANG_WARN__DUPLICATE_METHOD_MATCH = YES;
				CODE_SIGN_IDENTITY = "iPhone Developer";
				COPY_PHASE_STRIP = NO;
				DEBUG_INFORMATION_FORMAT = dwarf;
				ENABLE_STRICT_OBJC_MSGSEND = YES;
				ENABLE_TESTABILITY = YES;
				GCC_C_LANGUAGE_STANDARD = gnu11;
				GCC_DYNAMIC_NO_PIC = NO;
				GCC_NO_COMMON_BLOCKS = YES;
				GCC_OPTIMIZATION_LEVEL = 0;
				GCC_PREPROCESSOR_DEFINITIONS = (
					"DEBUG=1",
					"$(inherited)",
				);
				GCC_WARN_64_TO_32_BIT_CONVERSION = YES;
				GCC_WARN_ABOUT_RETURN_TYPE = YES_ERROR;
				GCC_WARN_UNDECLARED_SELECTOR = YES;
				GCC_WARN_UNINITIALIZED_AUTOS = YES_AGGRESSIVE;
				GCC_WARN_UNUSED_FUNCTION = YES;
				GCC_WARN_UNUSED_VARIABLE = YES;
				IPHONEOS_DEPLOYMENT_TARGET = 12.1;
				MTL_ENABLE_DEBUG_INFO = INCLUDE_SOURCE;
				MTL_FAST_MATH = YES;
				ONLY_ACTIVE_ARCH = YES;
				SDKROOT = iphoneos;
				SWIFT_ACTIVE_COMPILATION_CONDITIONS = DEBUG;
				SWIFT_OPTIMIZATION_LEVEL = "-Onone";
			};
			name = Debug;
		};
		E2A764902256195D0011C46F /* Release */ = {
			isa = XCBuildConfiguration;
			buildSettings = {
				ALWAYS_SEARCH_USER_PATHS = NO;
				CLANG_ANALYZER_NONNULL = YES;
				CLANG_ANALYZER_NUMBER_OBJECT_CONVERSION = YES_AGGRESSIVE;
				CLANG_CXX_LANGUAGE_STANDARD = "gnu++14";
				CLANG_CXX_LIBRARY = "libc++";
				CLANG_ENABLE_MODULES = YES;
				CLANG_ENABLE_OBJC_ARC = YES;
				CLANG_ENABLE_OBJC_WEAK = YES;
				CLANG_WARN_BLOCK_CAPTURE_AUTORELEASING = YES;
				CLANG_WARN_BOOL_CONVERSION = YES;
				CLANG_WARN_COMMA = YES;
				CLANG_WARN_CONSTANT_CONVERSION = YES;
				CLANG_WARN_DEPRECATED_OBJC_IMPLEMENTATIONS = YES;
				CLANG_WARN_DIRECT_OBJC_ISA_USAGE = YES_ERROR;
				CLANG_WARN_DOCUMENTATION_COMMENTS = YES;
				CLANG_WARN_EMPTY_BODY = YES;
				CLANG_WARN_ENUM_CONVERSION = YES;
				CLANG_WARN_INFINITE_RECURSION = YES;
				CLANG_WARN_INT_CONVERSION = YES;
				CLANG_WARN_NON_LITERAL_NULL_CONVERSION = YES;
				CLANG_WARN_OBJC_IMPLICIT_RETAIN_SELF = YES;
				CLANG_WARN_OBJC_LITERAL_CONVERSION = YES;
				CLANG_WARN_OBJC_ROOT_CLASS = YES_ERROR;
				CLANG_WARN_RANGE_LOOP_ANALYSIS = YES;
				CLANG_WARN_STRICT_PROTOTYPES = YES;
				CLANG_WARN_SUSPICIOUS_MOVE = YES;
				CLANG_WARN_UNGUARDED_AVAILABILITY = YES_AGGRESSIVE;
				CLANG_WARN_UNREACHABLE_CODE = YES;
				CLANG_WARN__DUPLICATE_METHOD_MATCH = YES;
				CODE_SIGN_IDENTITY = "iPhone Developer";
				COPY_PHASE_STRIP = NO;
				DEBUG_INFORMATION_FORMAT = "dwarf-with-dsym";
				ENABLE_NS_ASSERTIONS = NO;
				ENABLE_STRICT_OBJC_MSGSEND = YES;
				GCC_C_LANGUAGE_STANDARD = gnu11;
				GCC_NO_COMMON_BLOCKS = YES;
				GCC_WARN_64_TO_32_BIT_CONVERSION = YES;
				GCC_WARN_ABOUT_RETURN_TYPE = YES_ERROR;
				GCC_WARN_UNDECLARED_SELECTOR = YES;
				GCC_WARN_UNINITIALIZED_AUTOS = YES_AGGRESSIVE;
				GCC_WARN_UNUSED_FUNCTION = YES;
				GCC_WARN_UNUSED_VARIABLE = YES;
				IPHONEOS_DEPLOYMENT_TARGET = 12.1;
				MTL_ENABLE_DEBUG_INFO = NO;
				MTL_FAST_MATH = YES;
				SDKROOT = iphoneos;
				SWIFT_COMPILATION_MODE = wholemodule;
				SWIFT_OPTIMIZATION_LEVEL = "-O";
				VALIDATE_PRODUCT = YES;
			};
			name = Release;
		};
		E2A764922256195D0011C46F /* Debug */ = {
			isa = XCBuildConfiguration;
			baseConfigurationReference = 84AA4A39A17D3F815A4477C3 /* Pods-BarCodeRS.debug.xcconfig */;
			buildSettings = {
				ASSETCATALOG_COMPILER_APPICON_NAME = AppIcon;
				CODE_SIGN_STYLE = Automatic;
				DEVELOPMENT_TEAM = H55CSPE9T9;
				INFOPLIST_FILE = BarCodeRS/Info.plist;
				IPHONEOS_DEPLOYMENT_TARGET = 12.1;
				LD_RUNPATH_SEARCH_PATHS = (
					"$(inherited)",
					"@executable_path/Frameworks",
				);
				PRODUCT_BUNDLE_IDENTIFIER = vn.techmaster.BarCodeRS;
				PRODUCT_NAME = "$(TARGET_NAME)";
				SWIFT_VERSION = 4.2;
				TARGETED_DEVICE_FAMILY = "1,2";
			};
			name = Debug;
		};
		E2A764932256195D0011C46F /* Release */ = {
			isa = XCBuildConfiguration;
			baseConfigurationReference = BA58304DF2774F49BCA2B4EB /* Pods-BarCodeRS.release.xcconfig */;
			buildSettings = {
				ASSETCATALOG_COMPILER_APPICON_NAME = AppIcon;
				CODE_SIGN_STYLE = Automatic;
				DEVELOPMENT_TEAM = H55CSPE9T9;
				INFOPLIST_FILE = BarCodeRS/Info.plist;
				IPHONEOS_DEPLOYMENT_TARGET = 12.1;
				LD_RUNPATH_SEARCH_PATHS = (
					"$(inherited)",
					"@executable_path/Frameworks",
				);
				PRODUCT_BUNDLE_IDENTIFIER = vn.techmaster.BarCodeRS;
				PRODUCT_NAME = "$(TARGET_NAME)";
				SWIFT_VERSION = 4.2;
				TARGETED_DEVICE_FAMILY = "1,2";
			};
			name = Release;
		};
/* End XCBuildConfiguration section */

/* Begin XCConfigurationList section */
		E2A7647A2256195B0011C46F /* Build configuration list for PBXProject "BarCodeRS" */ = {
			isa = XCConfigurationList;
			buildConfigurations = (
				E2A7648F2256195D0011C46F /* Debug */,
				E2A764902256195D0011C46F /* Release */,
			);
			defaultConfigurationIsVisible = 0;
			defaultConfigurationName = Release;
		};
		E2A764912256195D0011C46F /* Build configuration list for PBXNativeTarget "BarCodeRS" */ = {
			isa = XCConfigurationList;
			buildConfigurations = (
				E2A764922256195D0011C46F /* Debug */,
				E2A764932256195D0011C46F /* Release */,
			);
			defaultConfigurationIsVisible = 0;
			defaultConfigurationName = Release;
		};
/* End XCConfigurationList section */
	};
	rootObject = E2A764772256195B0011C46F /* Project object */;
}
